
Microsoft Visual Studio Solution File, Format Version 12.00
# Visual Studio Version 16
VisualStudioVersion = 16.0.31025.194
MinimumVisualStudioVersion = 10.0.40219.1
Project("{FAE04EC0-301F-11D3-BF4B-00C04F79EFBC}") = "WamBot.Twitch", "WamBot.Twitch\WamBot.Twitch.csproj", "{331A4FA8-B861-4ED3-ACE6-80AF68863D48}"
EndProject
Global
	GlobalSection(SolutionConfigurationPlatforms) = preSolution
		Debug|Any CPU = Debug|Any CPU
		Release|Any CPU = Release|Any CPU
	EndGlobalSection
	GlobalSection(ProjectConfigurationPlatforms) = postSolution
		{331A4FA8-B861-4ED3-ACE6-80AF68863D48}.Debug|Any CPU.ActiveCfg = Debug|Any CPU
		{331A4FA8-B861-4ED3-ACE6-80AF68863D48}.Debug|Any CPU.Build.0 = Debug|Any CPU
		{331A4FA8-B861-4ED3-ACE6-80AF68863D48}.Release|Any CPU.ActiveCfg = Release|Any CPU
		{331A4FA8-B861-4ED3-ACE6-80AF68863D48}.Release|Any CPU.Build.0 = Release|Any CPU
	EndGlobalSection
	GlobalSection(SolutionProperties) = preSolution
		HideSolutionNode = FALSE
	EndGlobalSection
	GlobalSection(ExtensibilityGlobals) = postSolution
		SolutionGuid = {03E3F5B3-E37F-44C6-A4F3-5D13BFC0044F}
	EndGlobalSection
EndGlobal
